
Microsoft Visual Studio Solution File, Format Version 12.00
# Visual Studio Version 16
VisualStudioVersion = 16.0.30804.86
MinimumVisualStudioVersion = 10.0.40219.1
Project("{9A19103F-16F7-4668-BE54-9A1E7A4F7556}") = "BeautifulArrangement", "BeautifulArrangement\BeautifulArrangement.csproj", "{1522CB61-10E3-417F-B1DA-3BB2177511B3}"
EndProject
Project("{FAE04EC0-301F-11D3-BF4B-00C04F79EFBC}") = "BeautifulArrangementTests", "BeautifulArrangementTests\BeautifulArrangementTests.csproj", "{A0B853F1-AEAF-4FE3-B3AE-92A0BB064D7F}"
EndProject
Global
	GlobalSection(SolutionConfigurationPlatforms) = preSolution
		Debug|Any CPU = Debug|Any CPU
		Release|Any CPU = Release|Any CPU
	EndGlobalSection
	GlobalSection(ProjectConfigurationPlatforms) = postSolution
		{1522CB61-10E3-417F-B1DA-3BB2177511B3}.Debug|Any CPU.ActiveCfg = Debug|Any CPU
		{1522CB61-10E3-417F-B1DA-3BB2177511B3}.Debug|Any CPU.Build.0 = Debug|Any CPU
		{1522CB61-10E3-417F-B1DA-3BB2177511B3}.Release|Any CPU.ActiveCfg = Release|Any CPU
		{1522CB61-10E3-417F-B1DA-3BB2177511B3}.Release|Any CPU.Build.0 = Release|Any CPU
		{A0B853F1-AEAF-4FE3-B3AE-92A0BB064D7F}.Debug|Any CPU.ActiveCfg = Debug|Any CPU
		{A0B853F1-AEAF-4FE3-B3AE-92A0BB064D7F}.Debug|Any CPU.Build.0 = Debug|Any CPU
		{A0B853F1-AEAF-4FE3-B3AE-92A0BB064D7F}.Release|Any CPU.ActiveCfg = Release|Any CPU
		{A0B853F1-AEAF-4FE3-B3AE-92A0BB064D7F}.Release|Any CPU.Build.0 = Release|Any CPU
	EndGlobalSection
	GlobalSection(SolutionProperties) = preSolution
		HideSolutionNode = FALSE
	EndGlobalSection
	GlobalSection(ExtensibilityGlobals) = postSolution
		SolutionGuid = {2E9EC6FA-FBB3-4574-971C-FFA1145F6D81}
	EndGlobalSection
EndGlobal
